// !$*UTF8*$!
{
	archiveVersion = 1;
	classes = {
	};
	objectVersion = 50;
	objects = {

/* Begin PBXBuildFile section */
		06DF22F921F9265A009D1D6D /* AppDelegate.swift in Sources */ = {isa = PBXBuildFile; fileRef = 06DF22F821F9265A009D1D6D /* AppDelegate.swift */; };
		06DF22FB21F9265A009D1D6D /* ViewController.swift in Sources */ = {isa = PBXBuildFile; fileRef = 06DF22FA21F9265A009D1D6D /* ViewController.swift */; };
		06DF22FE21F9265A009D1D6D /* Main.storyboard in Resources */ = {isa = PBXBuildFile; fileRef = 06DF22FC21F9265A009D1D6D /* Main.storyboard */; };
		06DF230021F9265C009D1D6D /* Assets.xcassets in Resources */ = {isa = PBXBuildFile; fileRef = 06DF22FF21F9265C009D1D6D /* Assets.xcassets */; };
		06DF230321F9265C009D1D6D /* LaunchScreen.storyboard in Resources */ = {isa = PBXBuildFile; fileRef = 06DF230121F9265C009D1D6D /* LaunchScreen.storyboard */; };
		06DF230E21F9265D009D1D6D /* calculatorTests.swift in Sources */ = {isa = PBXBuildFile; fileRef = 06DF230D21F9265D009D1D6D /* calculatorTests.swift */; };
		06DF231921F9265D009D1D6D /* calculatorUITests.swift in Sources */ = {isa = PBXBuildFile; fileRef = 06DF231821F9265D009D1D6D /* calculatorUITests.swift */; };
/* End PBXBuildFile section */

/* Begin PBXContainerItemProxy section */
		06DF230A21F9265D009D1D6D /* PBXContainerItemProxy */ = {
			isa = PBXContainerItemProxy;
			containerPortal = 06DF22ED21F9265A009D1D6D /* Project object */;
			proxyType = 1;
			remoteGlobalIDString = 06DF22F421F9265A009D1D6D;
			remoteInfo = calculator;
		};
		06DF231521F9265D009D1D6D /* PBXContainerItemProxy */ = {
			isa = PBXContainerItemProxy;
			containerPortal = 06DF22ED21F9265A009D1D6D /* Project object */;
			proxyType = 1;
			remoteGlobalIDString = 06DF22F421F9265A009D1D6D;
			remoteInfo = calculator;
		};
/* End PBXContainerItemProxy section */

/* Begin PBXFileReference section */
		06DF22F521F9265A009D1D6D /* calculator.app */ = {isa = PBXFileReference; explicitFileType = wrapper.application; includeInIndex = 0; path = calculator.app; sourceTree = BUILT_PRODUCTS_DIR; };
		06DF22F821F9265A009D1D6D /* AppDelegate.swift */ = {isa = PBXFileReference; lastKnownFileType = sourcecode.swift; path = AppDelegate.swift; sourceTree = "<group>"; };
		06DF22FA21F9265A009D1D6D /* ViewController.swift */ = {isa = PBXFileReference; lastKnownFileType = sourcecode.swift; path = ViewController.swift; sourceTree = "<group>"; };
		06DF22FD21F9265A009D1D6D /* Base */ = {isa = PBXFileReference; lastKnownFileType = file.storyboard; name = Base; path = Base.lproj/Main.storyboard; sourceTree = "<group>"; };
		06DF22FF21F9265C009D1D6D /* Assets.xcassets */ = {isa = PBXFileReference; lastKnownFileType = folder.assetcatalog; path = Assets.xcassets; sourceTree = "<group>"; };
		06DF230221F9265C009D1D6D /* Base */ = {isa = PBXFileReference; lastKnownFileType = file.storyboard; name = Base; path = Base.lproj/LaunchScreen.storyboard; sourceTree = "<group>"; };
		06DF230421F9265C009D1D6D /* Info.plist */ = {isa = PBXFileReference; lastKnownFileType = text.plist.xml; path = Info.plist; sourceTree = "<group>"; };
		06DF230921F9265D009D1D6D /* calculatorTests.xctest */ = {isa = PBXFileReference; explicitFileType = wrapper.cfbundle; includeInIndex = 0; path = calculatorTests.xctest; sourceTree = BUILT_PRODUCTS_DIR; };
		06DF230D21F9265D009D1D6D /* calculatorTests.swift */ = {isa = PBXFileReference; lastKnownFileType = sourcecode.swift; path = calculatorTests.swift; sourceTree = "<group>"; };
		06DF230F21F9265D009D1D6D /* Info.plist */ = {isa = PBXFileReference; lastKnownFileType = text.plist.xml; path = Info.plist; sourceTree = "<group>"; };
		06DF231421F9265D009D1D6D /* calculatorUITests.xctest */ = {isa = PBXFileReference; explicitFileType = wrapper.cfbundle; includeInIndex = 0; path = calculatorUITests.xctest; sourceTree = BUILT_PRODUCTS_DIR; };
		06DF231821F9265D009D1D6D /* calculatorUITests.swift */ = {isa = PBXFileReference; lastKnownFileType = sourcecode.swift; path = calculatorUITests.swift; sourceTree = "<group>"; };
		06DF231A21F9265D009D1D6D /* Info.plist */ = {isa = PBXFileReference; lastKnownFileType = text.plist.xml; path = Info.plist; sourceTree = "<group>"; };
/* End PBXFileReference section */

/* Begin PBXFrameworksBuildPhase section */
		06DF22F221F9265A009D1D6D /* Frameworks */ = {
			isa = PBXFrameworksBuildPhase;
			buildActionMask = 2147483647;
			files = (
			);
			runOnlyForDeploymentPostprocessing = 0;
		};
		06DF230621F9265D009D1D6D /* Frameworks */ = {
			isa = PBXFrameworksBuildPhase;
			buildActionMask = 2147483647;
			files = (
			);
			runOnlyForDeploymentPostprocessing = 0;
		};
		06DF231121F9265D009D1D6D /* Frameworks */ = {
			isa = PBXFrameworksBuildPhase;
			buildActionMask = 2147483647;
			files = (
			);
			runOnlyForDeploymentPostprocessing = 0;
		};
/* End PBXFrameworksBuildPhase section */

/* Begin PBXGroup section */
		06DF22EC21F9265A009D1D6D = {
			isa = PBXGroup;
			children = (
				06DF22F721F9265A009D1D6D /* calculator */,
				06DF230C21F9265D009D1D6D /* calculatorTests */,
				06DF231721F9265D009D1D6D /* calculatorUITests */,
				06DF22F621F9265A009D1D6D /* Products */,
			);
			sourceTree = "<group>";
		};
		06DF22F621F9265A009D1D6D /* Products */ = {
			isa = PBXGroup;
			children = (
				06DF22F521F9265A009D1D6D /* calculator.app */,
				06DF230921F9265D009D1D6D /* calculatorTests.xctest */,
				06DF231421F9265D009D1D6D /* calculatorUITests.xctest */,
			);
			name = Products;
			sourceTree = "<group>";
		};
		06DF22F721F9265A009D1D6D /* calculator */ = {
			isa = PBXGroup;
			children = (
				06DF22F821F9265A009D1D6D /* AppDelegate.swift */,
				06DF22FA21F9265A009D1D6D /* ViewController.swift */,
				06DF22FC21F9265A009D1D6D /* Main.storyboard */,
				06DF22FF21F9265C009D1D6D /* Assets.xcassets */,
				06DF230121F9265C009D1D6D /* LaunchScreen.storyboard */,
				06DF230421F9265C009D1D6D /* Info.plist */,
			);
			path = calculator;
			sourceTree = "<group>";
		};
		06DF230C21F9265D009D1D6D /* calculatorTests */ = {
			isa = PBXGroup;
			children = (
				06DF230D21F9265D009D1D6D /* calculatorTests.swift */,
				06DF230F21F9265D009D1D6D /* Info.plist */,
			);
			path = calculatorTests;
			sourceTree = "<group>";
		};
		06DF231721F9265D009D1D6D /* calculatorUITests */ = {
			isa = PBXGroup;
			children = (
				06DF231821F9265D009D1D6D /* calculatorUITests.swift */,
				06DF231A21F9265D009D1D6D /* Info.plist */,
			);
			path = calculatorUITests;
			sourceTree = "<group>";
		};
/* End PBXGroup section */

/* Begin PBXNativeTarget section */
		06DF22F421F9265A009D1D6D /* calculator */ = {
			isa = PBXNativeTarget;
			buildConfigurationList = 06DF231D21F9265D009D1D6D /* Build configuration list for PBXNativeTarget "calculator" */;
			buildPhases = (
				06DF22F121F9265A009D1D6D /* Sources */,
				06DF22F221F9265A009D1D6D /* Frameworks */,
				06DF22F321F9265A009D1D6D /* Resources */,
			);
			buildRules = (
			);
			dependencies = (
			);
			name = calculator;
			productName = calculator;
			productReference = 06DF22F521F9265A009D1D6D /* calculator.app */;
			productType = "com.apple.product-type.application";
		};
		06DF230821F9265D009D1D6D /* calculatorTests */ = {
			isa = PBXNativeTarget;
			buildConfigurationList = 06DF232021F9265D009D1D6D /* Build configuration list for PBXNativeTarget "calculatorTests" */;
			buildPhases = (
				06DF230521F9265D009D1D6D /* Sources */,
				06DF230621F9265D009D1D6D /* Frameworks */,
				06DF230721F9265D009D1D6D /* Resources */,
			);
			buildRules = (
			);
			dependencies = (
				06DF230B21F9265D009D1D6D /* PBXTargetDependency */,
			);
			name = calculatorTests;
			productName = calculatorTests;
			productReference = 06DF230921F9265D009D1D6D /* calculatorTests.xctest */;
			productType = "com.apple.product-type.bundle.unit-test";
		};
		06DF231321F9265D009D1D6D /* calculatorUITests */ = {
			isa = PBXNativeTarget;
			buildConfigurationList = 06DF232321F9265D009D1D6D /* Build configuration list for PBXNativeTarget "calculatorUITests" */;
			buildPhases = (
				06DF231021F9265D009D1D6D /* Sources */,
				06DF231121F9265D009D1D6D /* Frameworks */,
				06DF231221F9265D009D1D6D /* Resources */,
			);
			buildRules = (
			);
			dependencies = (
				06DF231621F9265D009D1D6D /* PBXTargetDependency */,
			);
			name = calculatorUITests;
			productName = calculatorUITests;
			productReference = 06DF231421F9265D009D1D6D /* calculatorUITests.xctest */;
			productType = "com.apple.product-type.bundle.ui-testing";
		};
/* End PBXNativeTarget section */

/* Begin PBXProject section */
		06DF22ED21F9265A009D1D6D /* Project object */ = {
			isa = PBXProject;
			attributes = {
				LastSwiftUpdateCheck = 1010;
				LastUpgradeCheck = 1010;
				ORGANIZATIONNAME = geoffmontague;
				TargetAttributes = {
					06DF22F421F9265A009D1D6D = {
						CreatedOnToolsVersion = 10.1;
					};
					06DF230821F9265D009D1D6D = {
						CreatedOnToolsVersion = 10.1;
						TestTargetID = 06DF22F421F9265A009D1D6D;
					};
					06DF231321F9265D009D1D6D = {
						CreatedOnToolsVersion = 10.1;
						TestTargetID = 06DF22F421F9265A009D1D6D;
					};
				};
			};
			buildConfigurationList = 06DF22F021F9265A009D1D6D /* Build configuration list for PBXProject "calculator" */;
			compatibilityVersion = "Xcode 9.3";
			developmentRegion = en;
			hasScannedForEncodings = 0;
			knownRegions = (
				en,
				Base,
			);
			mainGroup = 06DF22EC21F9265A009D1D6D;
			productRefGroup = 06DF22F621F9265A009D1D6D /* Products */;
			projectDirPath = "";
			projectRoot = "";
			targets = (
				06DF22F421F9265A009D1D6D /* calculator */,
				06DF230821F9265D009D1D6D /* calculatorTests */,
				06DF231321F9265D009D1D6D /* calculatorUITests */,
			);
		};
/* End PBXProject section */

/* Begin PBXResourcesBuildPhase section */
		06DF22F321F9265A009D1D6D /* Resources */ = {
			isa = PBXResourcesBuildPhase;
			buildActionMask = 2147483647;
			files = (
				06DF230321F9265C009D1D6D /* LaunchScreen.storyboard in Resources */,
				06DF230021F9265C009D1D6D /* Assets.xcassets in Resources */,
				06DF22FE21F9265A009D1D6D /* Main.storyboard in Resources */,
			);
			runOnlyForDeploymentPostprocessing = 0;
		};
		06DF230721F9265D009D1D6D /* Resources */ = {
			isa = PBXResourcesBuildPhase;
			buildActionMask = 2147483647;
			files = (
			);
			runOnlyForDeploymentPostprocessing = 0;
		};
		06DF231221F9265D009D1D6D /* Resources */ = {
			isa = PBXResourcesBuildPhase;
			buildActionMask = 2147483647;
			files = (
			);
			runOnlyForDeploymentPostprocessing = 0;
		};
/* End PBXResourcesBuildPhase section */

/* Begin PBXSourcesBuildPhase section */
		06DF22F121F9265A009D1D6D /* Sources */ = {
			isa = PBXSourcesBuildPhase;
			buildActionMask = 2147483647;
			files = (
				06DF22FB21F9265A009D1D6D /* ViewController.swift in Sources */,
				06DF22F921F9265A009D1D6D /* AppDelegate.swift in Sources */,
			);
			runOnlyForDeploymentPostprocessing = 0;
		};
		06DF230521F9265D009D1D6D /* Sources */ = {
			isa = PBXSourcesBuildPhase;
			buildActionMask = 2147483647;
			files = (
				06DF230E21F9265D009D1D6D /* calculatorTests.swift in Sources */,
			);
			runOnlyForDeploymentPostprocessing = 0;
		};
		06DF231021F9265D009D1D6D /* Sources */ = {
			isa = PBXSourcesBuildPhase;
			buildActionMask = 2147483647;
			files = (
				06DF231921F9265D009D1D6D /* calculatorUITests.swift in Sources */,
			);
			runOnlyForDeploymentPostprocessing = 0;
		};
/* End PBXSourcesBuildPhase section */

/* Begin PBXTargetDependency section */
		06DF230B21F9265D009D1D6D /* PBXTargetDependency */ = {
			isa = PBXTargetDependency;
			target = 06DF22F421F9265A009D1D6D /* calculator */;
			targetProxy = 06DF230A21F9265D009D1D6D /* PBXContainerItemProxy */;
		};
		06DF231621F9265D009D1D6D /* PBXTargetDependency */ = {
			isa = PBXTargetDependency;
			target = 06DF22F421F9265A009D1D6D /* calculator */;
			targetProxy = 06DF231521F9265D009D1D6D /* PBXContainerItemProxy */;
		};
/* End PBXTargetDependency section */

/* Begin PBXVariantGroup section */
		06DF22FC21F9265A009D1D6D /* Main.storyboard */ = {
			isa = PBXVariantGroup;
			children = (
				06DF22FD21F9265A009D1D6D /* Base */,
			);
			name = Main.storyboard;
			sourceTree = "<group>";
		};
		06DF230121F9265C009D1D6D /* LaunchScreen.storyboard */ = {
			isa = PBXVariantGroup;
			children = (
				06DF230221F9265C009D1D6D /* Base */,
			);
			name = LaunchScreen.storyboard;
			sourceTree = "<group>";
		};
/* End PBXVariantGroup section */

/* Begin XCBuildConfiguration section */
		06DF231B21F9265D009D1D6D /* Debug */ = {
			isa = XCBuildConfiguration;
			buildSettings = {
				ALWAYS_SEARCH_USER_PATHS = NO;
				CLANG_ANALYZER_NONNULL = YES;
				CLANG_ANALYZER_NUMBER_OBJECT_CONVERSION = YES_AGGRESSIVE;
				CLANG_CXX_LANGUAGE_STANDARD = "gnu++14";
				CLANG_CXX_LIBRARY = "libc++";
				CLANG_ENABLE_MODULES = YES;
				CLANG_ENABLE_OBJC_ARC = YES;
				CLANG_ENABLE_OBJC_WEAK = YES;
				CLANG_WARN_BLOCK_CAPTURE_AUTORELEASING = YES;
				CLANG_WARN_BOOL_CONVERSION = YES;
				CLANG_WARN_COMMA = YES;
				CLANG_WARN_CONSTANT_CONVERSION = YES;
				CLANG_WARN_DEPRECATED_OBJC_IMPLEMENTATIONS = YES;
				CLANG_WARN_DIRECT_OBJC_ISA_USAGE = YES_ERROR;
				CLANG_WARN_DOCUMENTATION_COMMENTS = YES;
				CLANG_WARN_EMPTY_BODY = YES;
				CLANG_WARN_ENUM_CONVERSION = YES;
				CLANG_WARN_INFINITE_RECURSION = YES;
				CLANG_WARN_INT_CONVERSION = YES;
				CLANG_WARN_NON_LITERAL_NULL_CONVERSION = YES;
				CLANG_WARN_OBJC_IMPLICIT_RETAIN_SELF = YES;
				CLANG_WARN_OBJC_LITERAL_CONVERSION = YES;
				CLANG_WARN_OBJC_ROOT_CLASS = YES_ERROR;
				CLANG_WARN_RANGE_LOOP_ANALYSIS = YES;
				CLANG_WARN_STRICT_PROTOTYPES = YES;
				CLANG_WARN_SUSPICIOUS_MOVE = YES;
				CLANG_WARN_UNGUARDED_AVAILABILITY = YES_AGGRESSIVE;
				CLANG_WARN_UNREACHABLE_CODE = YES;
				CLANG_WARN__DUPLICATE_METHOD_MATCH = YES;
				CODE_SIGN_IDENTITY = "iPhone Developer";
				COPY_PHASE_STRIP = NO;
				DEBUG_INFORMATION_FORMAT = dwarf;
				ENABLE_STRICT_OBJC_MSGSEND = YES;
				ENABLE_TESTABILITY = YES;
				GCC_C_LANGUAGE_STANDARD = gnu11;
				GCC_DYNAMIC_NO_PIC = NO;
				GCC_NO_COMMON_BLOCKS = YES;
				GCC_OPTIMIZATION_LEVEL = 0;
				GCC_PREPROCESSOR_DEFINITIONS = (
					"DEBUG=1",
					"$(inherited)",
				);
				GCC_WARN_64_TO_32_BIT_CONVERSION = YES;
				GCC_WARN_ABOUT_RETURN_TYPE = YES_ERROR;
				GCC_WARN_UNDECLARED_SELECTOR = YES;
				GCC_WARN_UNINITIALIZED_AUTOS = YES_AGGRESSIVE;
				GCC_WARN_UNUSED_FUNCTION = YES;
				GCC_WARN_UNUSED_VARIABLE = YES;
				IPHONEOS_DEPLOYMENT_TARGET = 12.1;
				MTL_ENABLE_DEBUG_INFO = INCLUDE_SOURCE;
				MTL_FAST_MATH = YES;
				ONLY_ACTIVE_ARCH = YES;
				SDKROOT = iphoneos;
				SWIFT_ACTIVE_COMPILATION_CONDITIONS = DEBUG;
				SWIFT_OPTIMIZATION_LEVEL = "-Onone";
			};
			name = Debug;
		};
		06DF231C21F9265D009D1D6D /* Release */ = {
			isa = XCBuildConfiguration;
			buildSettings = {
				ALWAYS_SEARCH_USER_PATHS = NO;
				CLANG_ANALYZER_NONNULL = YES;
				CLANG_ANALYZER_NUMBER_OBJECT_CONVERSION = YES_AGGRESSIVE;
				CLANG_CXX_LANGUAGE_STANDARD = "gnu++14";
				CLANG_CXX_LIBRARY = "libc++";
				CLANG_ENABLE_MODULES = YES;
				CLANG_ENABLE_OBJC_ARC = YES;
				CLANG_ENABLE_OBJC_WEAK = YES;
				CLANG_WARN_BLOCK_CAPTURE_AUTORELEASING = YES;
				CLANG_WARN_BOOL_CONVERSION = YES;
				CLANG_WARN_COMMA = YES;
				CLANG_WARN_CONSTANT_CONVERSION = YES;
				CLANG_WARN_DEPRECATED_OBJC_IMPLEMENTATIONS = YES;
				CLANG_WARN_DIRECT_OBJC_ISA_USAGE = YES_ERROR;
				CLANG_WARN_DOCUMENTATION_COMMENTS = YES;
				CLANG_WARN_EMPTY_BODY = YES;
				CLANG_WARN_ENUM_CONVERSION = YES;
				CLANG_WARN_INFINITE_RECURSION = YES;
				CLANG_WARN_INT_CONVERSION = YES;
				CLANG_WARN_NON_LITERAL_NULL_CONVERSION = YES;
				CLANG_WARN_OBJC_IMPLICIT_RETAIN_SELF = YES;
				CLANG_WARN_OBJC_LITERAL_CONVERSION = YES;
				CLANG_WARN_OBJC_ROOT_CLASS = YES_ERROR;
				CLANG_WARN_RANGE_LOOP_ANALYSIS = YES;
				CLANG_WARN_STRICT_PROTOTYPES = YES;
				CLANG_WARN_SUSPICIOUS_MOVE = YES;
				CLANG_WARN_UNGUARDED_AVAILABILITY = YES_AGGRESSIVE;
				CLANG_WARN_UNREACHABLE_CODE = YES;
				CLANG_WARN__DUPLICATE_METHOD_MATCH = YES;
				CODE_SIGN_IDENTITY = "iPhone Developer";
				COPY_PHASE_STRIP = NO;
				DEBUG_INFORMATION_FORMAT = "dwarf-with-dsym";
				ENABLE_NS_ASSERTIONS = NO;
				ENABLE_STRICT_OBJC_MSGSEND = YES;
				GCC_C_LANGUAGE_STANDARD = gnu11;
				GCC_NO_COMMON_BLOCKS = YES;
				GCC_WARN_64_TO_32_BIT_CONVERSION = YES;
				GCC_WARN_ABOUT_RETURN_TYPE = YES_ERROR;
				GCC_WARN_UNDECLARED_SELECTOR = YES;
				GCC_WARN_UNINITIALIZED_AUTOS = YES_AGGRESSIVE;
				GCC_WARN_UNUSED_FUNCTION = YES;
				GCC_WARN_UNUSED_VARIABLE = YES;
				IPHONEOS_DEPLOYMENT_TARGET = 12.1;
				MTL_ENABLE_DEBUG_INFO = NO;
				MTL_FAST_MATH = YES;
				SDKROOT = iphoneos;
				SWIFT_COMPILATION_MODE = wholemodule;
				SWIFT_OPTIMIZATION_LEVEL = "-O";
				VALIDATE_PRODUCT = YES;
			};
			name = Release;
		};
		06DF231E21F9265D009D1D6D /* Debug */ = {
			isa = XCBuildConfiguration;
			buildSettings = {
				ASSETCATALOG_COMPILER_APPICON_NAME = AppIcon;
				CODE_SIGN_STYLE = Automatic;
				INFOPLIST_FILE = calculator/Info.plist;
				LD_RUNPATH_SEARCH_PATHS = (
					"$(inherited)",
					"@executable_path/Frameworks",
				);
				PRODUCT_BUNDLE_IDENTIFIER = com.geoffmontague.calculator;
				PRODUCT_NAME = "$(TARGET_NAME)";
				SWIFT_VERSION = 4.2;
				TARGETED_DEVICE_FAMILY = "1,2";
			};
			name = Debug;
		};
		06DF231F21F9265D009D1D6D /* Release */ = {
			isa = XCBuildConfiguration;
			buildSettings = {
				ASSETCATALOG_COMPILER_APPICON_NAME = AppIcon;
				CODE_SIGN_STYLE = Automatic;
				INFOPLIST_FILE = calculator/Info.plist;
				LD_RUNPATH_SEARCH_PATHS = (
					"$(inherited)",
					"@executable_path/Frameworks",
				);
				PRODUCT_BUNDLE_IDENTIFIER = com.geoffmontague.calculator;
				PRODUCT_NAME = "$(TARGET_NAME)";
				SWIFT_VERSION = 4.2;
				TARGETED_DEVICE_FAMILY = "1,2";
			};
			name = Release;
		};
		06DF232121F9265D009D1D6D /* Debug */ = {
			isa = XCBuildConfiguration;
			buildSettings = {
				ALWAYS_EMBED_SWIFT_STANDARD_LIBRARIES = YES;
				BUNDLE_LOADER = "$(TEST_HOST)";
				CODE_SIGN_STYLE = Automatic;
				INFOPLIST_FILE = calculatorTests/Info.plist;
				LD_RUNPATH_SEARCH_PATHS = (
					"$(inherited)",
					"@executable_path/Frameworks",
					"@loader_path/Frameworks",
				);
				PRODUCT_BUNDLE_IDENTIFIER = com.geoffmontague.calculatorTests;
				PRODUCT_NAME = "$(TARGET_NAME)";
				SWIFT_VERSION = 4.2;
				TARGETED_DEVICE_FAMILY = "1,2";
				TEST_HOST = "$(BUILT_PRODUCTS_DIR)/calculator.app/calculator";
			};
			name = Debug;
		};
		06DF232221F9265D009D1D6D /* Release */ = {
			isa = XCBuildConfiguration;
			buildSettings = {
				ALWAYS_EMBED_SWIFT_STANDARD_LIBRARIES = YES;
				BUNDLE_LOADER = "$(TEST_HOST)";
				CODE_SIGN_STYLE = Automatic;
				INFOPLIST_FILE = calculatorTests/Info.plist;
				LD_RUNPATH_SEARCH_PATHS = (
					"$(inherited)",
					"@executable_path/Frameworks",
					"@loader_path/Frameworks",
				);
				PRODUCT_BUNDLE_IDENTIFIER = com.geoffmontague.calculatorTests;
				PRODUCT_NAME = "$(TARGET_NAME)";
				SWIFT_VERSION = 4.2;
				TARGETED_DEVICE_FAMILY = "1,2";
				TEST_HOST = "$(BUILT_PRODUCTS_DIR)/calculator.app/calculator";
			};
			name = Release;
		};
		06DF232421F9265D009D1D6D /* Debug */ = {
			isa = XCBuildConfiguration;
			buildSettings = {
				ALWAYS_EMBED_SWIFT_STANDARD_LIBRARIES = YES;
				CODE_SIGN_STYLE = Automatic;
				INFOPLIST_FILE = calculatorUITests/Info.plist;
				LD_RUNPATH_SEARCH_PATHS = (
					"$(inherited)",
					"@executable_path/Frameworks",
					"@loader_path/Frameworks",
				);
				PRODUCT_BUNDLE_IDENTIFIER = com.geoffmontague.calculatorUITests;
				PRODUCT_NAME = "$(TARGET_NAME)";
				SWIFT_VERSION = 4.2;
				TARGETED_DEVICE_FAMILY = "1,2";
				TEST_TARGET_NAME = calculator;
			};
			name = Debug;
		};
		06DF232521F9265D009D1D6D /* Release */ = {
			isa = XCBuildConfiguration;
			buildSettings = {
				ALWAYS_EMBED_SWIFT_STANDARD_LIBRARIES = YES;
				CODE_SIGN_STYLE = Automatic;
				INFOPLIST_FILE = calculatorUITests/Info.plist;
				LD_RUNPATH_SEARCH_PATHS = (
					"$(inherited)",
					"@executable_path/Frameworks",
					"@loader_path/Frameworks",
				);
				PRODUCT_BUNDLE_IDENTIFIER = com.geoffmontague.calculatorUITests;
				PRODUCT_NAME = "$(TARGET_NAME)";
				SWIFT_VERSION = 4.2;
				TARGETED_DEVICE_FAMILY = "1,2";
				TEST_TARGET_NAME = calculator;
			};
			name = Release;
		};
/* End XCBuildConfiguration section */

/* Begin XCConfigurationList section */
		06DF22F021F9265A009D1D6D /* Build configuration list for PBXProject "calculator" */ = {
			isa = XCConfigurationList;
			buildConfigurations = (
				06DF231B21F9265D009D1D6D /* Debug */,
				06DF231C21F9265D009D1D6D /* Release */,
			);
			defaultConfigurationIsVisible = 0;
			defaultConfigurationName = Release;
		};
		06DF231D21F9265D009D1D6D /* Build configuration list for PBXNativeTarget "calculator" */ = {
			isa = XCConfigurationList;
			buildConfigurations = (
				06DF231E21F9265D009D1D6D /* Debug */,
				06DF231F21F9265D009D1D6D /* Release */,
			);
			defaultConfigurationIsVisible = 0;
			defaultConfigurationName = Release;
		};
		06DF232021F9265D009D1D6D /* Build configuration list for PBXNativeTarget "calculatorTests" */ = {
			isa = XCConfigurationList;
			buildConfigurations = (
				06DF232121F9265D009D1D6D /* Debug */,
				06DF232221F9265D009D1D6D /* Release */,
			);
			defaultConfigurationIsVisible = 0;
			defaultConfigurationName = Release;
		};
		06DF232321F9265D009D1D6D /* Build configuration list for PBXNativeTarget "calculatorUITests" */ = {
			isa = XCConfigurationList;
			buildConfigurations = (
				06DF232421F9265D009D1D6D /* Debug */,
				06DF232521F9265D009D1D6D /* Release */,
			);
			defaultConfigurationIsVisible = 0;
			defaultConfigurationName = Release;
		};
/* End XCConfigurationList section */
	};
	rootObject = 06DF22ED21F9265A009D1D6D /* Project object */;
}
